{
  "name": "wx-project-business-component",
  "version": "1.0.0",
  "lockfileVersion": 1,
  "requires": true,
  "dependencies": {
    "@vant/weapp": {
      "version": "1.6.6",
      "resolved": "https://registry.npmjs.org/@vant/weapp/-/weapp-1.6.6.tgz",
      "integrity": "sha512-0fBUVCuyCr3esvZXx4683dTJGHYz98d+HctJHMmTAPBYBe7XWO0CV65Fxx931LxWi4B+K++80hRagcOmZqV/7A=="
    }
  }
}
